
Microsoft Visual Studio Solution File, Format Version 12.00
# Visual Studio Version 17
VisualStudioVersion = 17.2.32516.85
MinimumVisualStudioVersion = 10.0.40219.1
Project("{FAE04EC0-301F-11D3-BF4B-00C04F79EFBC}") = "ButtonGUI", "ButtonGUI\ButtonGUI.csproj", "{FB0B8C7A-B80B-4B1F-86A2-45A36D1B0EC2}"
EndProject
Global
	GlobalSection(SolutionConfigurationPlatforms) = preSolution
		Debug|Any CPU = Debug|Any CPU
		Release|Any CPU = Release|Any CPU
	EndGlobalSection
	GlobalSection(ProjectConfigurationPlatforms) = postSolution
		{FB0B8C7A-B80B-4B1F-86A2-45A36D1B0EC2}.Debug|Any CPU.ActiveCfg = Debug|Any CPU
		{FB0B8C7A-B80B-4B1F-86A2-45A36D1B0EC2}.Debug|Any CPU.Build.0 = Debug|Any CPU
		{FB0B8C7A-B80B-4B1F-86A2-45A36D1B0EC2}.Release|Any CPU.ActiveCfg = Release|Any CPU
		{FB0B8C7A-B80B-4B1F-86A2-45A36D1B0EC2}.Release|Any CPU.Build.0 = Release|Any CPU
	EndGlobalSection
	GlobalSection(SolutionProperties) = preSolution
		HideSolutionNode = FALSE
	EndGlobalSection
	GlobalSection(ExtensibilityGlobals) = postSolution
		SolutionGuid = {BD086E6D-2EB8-469A-B646-38EAC42E03BA}
	EndGlobalSection
EndGlobal
